{
  "name": "nodeweb",
  "lockfileVersion": 3,
  "requires": true,
  "packages": {
    "": {
      "dependencies": {
        "mimetype": "^0.0.8"
      }
    },
    "node_modules/mimetype": {
      "version": "0.0.8",
      "resolved": "https://registry.npmjs.org/mimetype/-/mimetype-0.0.8.tgz",
      "integrity": "sha512-6pRFUMC9A70v3W1d+dvrEJWuFagmHSIA6JF1rd3dkiEe9myrQUQMK1AUjKfrqGtpQww5Wk/mRBJHmIdn140NhA==",
      "engines": {
        "node": ">= 0.8",
        "npm": ">= 1"
      }
    }
  }
}
